
Microsoft Visual Studio Solution File, Format Version 12.00
# Visual Studio Version 16
VisualStudioVersion = 16.0.29613.14
MinimumVisualStudioVersion = 10.0.40219.1
Project("{FAE04EC0-301F-11D3-BF4B-00C04F79EFBC}") = "Redis", "Redis\Redis.csproj", "{00869896-B667-4B5C-8843-83E8ECD57545}"
EndProject
Project("{FAE04EC0-301F-11D3-BF4B-00C04F79EFBC}") = "Redis.Test", "Redis.Test\Redis.Test.csproj", "{341AD33B-FABB-4952-AA6C-FC36F81A6DAF}"
EndProject
Global
	GlobalSection(SolutionConfigurationPlatforms) = preSolution
		Debug|Any CPU = Debug|Any CPU
		Release|Any CPU = Release|Any CPU
	EndGlobalSection
	GlobalSection(ProjectConfigurationPlatforms) = postSolution
		{00869896-B667-4B5C-8843-83E8ECD57545}.Debug|Any CPU.ActiveCfg = Debug|Any CPU
		{00869896-B667-4B5C-8843-83E8ECD57545}.Debug|Any CPU.Build.0 = Debug|Any CPU
		{00869896-B667-4B5C-8843-83E8ECD57545}.Release|Any CPU.ActiveCfg = Release|Any CPU
		{00869896-B667-4B5C-8843-83E8ECD57545}.Release|Any CPU.Build.0 = Release|Any CPU
		{341AD33B-FABB-4952-AA6C-FC36F81A6DAF}.Debug|Any CPU.ActiveCfg = Debug|Any CPU
		{341AD33B-FABB-4952-AA6C-FC36F81A6DAF}.Debug|Any CPU.Build.0 = Debug|Any CPU
		{341AD33B-FABB-4952-AA6C-FC36F81A6DAF}.Release|Any CPU.ActiveCfg = Release|Any CPU
		{341AD33B-FABB-4952-AA6C-FC36F81A6DAF}.Release|Any CPU.Build.0 = Release|Any CPU
	EndGlobalSection
	GlobalSection(SolutionProperties) = preSolution
		HideSolutionNode = FALSE
	EndGlobalSection
	GlobalSection(ExtensibilityGlobals) = postSolution
		SolutionGuid = {909DA59F-94FC-417B-B22F-5145BA464DC8}
	EndGlobalSection
EndGlobal
